
Microsoft Visual Studio Solution File, Format Version 12.00
Project("{FAE04EC0-301F-11D3-BF4B-00C04F79EFBC}") = "Tao.FixedPoint", "DotNet\Tao.FixedPoint\Tao.FixedPoint.csproj", "{7680E40E-D6F2-41ED-BA6B-3051AFDCBE6B}"
EndProject
Project("{FAE04EC0-301F-11D3-BF4B-00C04F79EFBC}") = "Tao.FixedPoint.DotNetTest", "DotNet\Tao.FixedPoint.DotNetTest\Tao.FixedPoint.DotNetTest.csproj", "{50D43129-4776-47B5-9B1C-BB677F6A88D1}"
EndProject
Project("{FAE04EC0-301F-11D3-BF4B-00C04F79EFBC}") = "Tao.FixedPoint", "Unity\Tao.FixedPoint.UnityTest\Tao.FixedPoint.csproj", "{D0ABCBBF-BA21-0DA9-5FFF-0E83132B95F7}"
EndProject
Project("{FAE04EC0-301F-11D3-BF4B-00C04F79EFBC}") = "Tao.FixedPoint.UnityTest", "Unity\Tao.FixedPoint.UnityTest\Tao.FixedPoint.UnityTest.csproj", "{A4196D73-50A8-5A00-A9A6-D9B5D80AF618}"
EndProject
Global
	GlobalSection(SolutionConfigurationPlatforms) = preSolution
		Debug|Any CPU = Debug|Any CPU
		Release|Any CPU = Release|Any CPU
	EndGlobalSection
	GlobalSection(ProjectConfigurationPlatforms) = postSolution
		{7680E40E-D6F2-41ED-BA6B-3051AFDCBE6B}.Debug|Any CPU.ActiveCfg = Debug|Any CPU
		{7680E40E-D6F2-41ED-BA6B-3051AFDCBE6B}.Debug|Any CPU.Build.0 = Debug|Any CPU
		{7680E40E-D6F2-41ED-BA6B-3051AFDCBE6B}.Release|Any CPU.ActiveCfg = Release|Any CPU
		{7680E40E-D6F2-41ED-BA6B-3051AFDCBE6B}.Release|Any CPU.Build.0 = Release|Any CPU
		{50D43129-4776-47B5-9B1C-BB677F6A88D1}.Debug|Any CPU.ActiveCfg = Debug|Any CPU
		{50D43129-4776-47B5-9B1C-BB677F6A88D1}.Debug|Any CPU.Build.0 = Debug|Any CPU
		{50D43129-4776-47B5-9B1C-BB677F6A88D1}.Release|Any CPU.ActiveCfg = Release|Any CPU
		{50D43129-4776-47B5-9B1C-BB677F6A88D1}.Release|Any CPU.Build.0 = Release|Any CPU
		{D0ABCBBF-BA21-0DA9-5FFF-0E83132B95F7}.Debug|Any CPU.ActiveCfg = Debug|Any CPU
		{D0ABCBBF-BA21-0DA9-5FFF-0E83132B95F7}.Debug|Any CPU.Build.0 = Debug|Any CPU
		{D0ABCBBF-BA21-0DA9-5FFF-0E83132B95F7}.Release|Any CPU.ActiveCfg = Debug|Any CPU
		{D0ABCBBF-BA21-0DA9-5FFF-0E83132B95F7}.Release|Any CPU.Build.0 = Debug|Any CPU
		{A4196D73-50A8-5A00-A9A6-D9B5D80AF618}.Debug|Any CPU.ActiveCfg = Debug|Any CPU
		{A4196D73-50A8-5A00-A9A6-D9B5D80AF618}.Debug|Any CPU.Build.0 = Debug|Any CPU
		{A4196D73-50A8-5A00-A9A6-D9B5D80AF618}.Release|Any CPU.ActiveCfg = Debug|Any CPU
		{A4196D73-50A8-5A00-A9A6-D9B5D80AF618}.Release|Any CPU.Build.0 = Debug|Any CPU
	EndGlobalSection
EndGlobal
